
Microsoft Visual Studio Solution File, Format Version 12.00
# Visual Studio Version 17
VisualStudioVersion = 17.0.31612.314
MinimumVisualStudioVersion = 10.0.40219.1
Project("{FAE04EC0-301F-11D3-BF4B-00C04F79EFBC}") = "SingletonPattern", "SingletonPattern\SingletonPattern.csproj", "{5B921E84-1B1C-44B5-A1F0-3569BB579A10}"
EndProject
Global
	GlobalSection(SolutionConfigurationPlatforms) = preSolution
		Debug|Any CPU = Debug|Any CPU
		Release|Any CPU = Release|Any CPU
	EndGlobalSection
	GlobalSection(ProjectConfigurationPlatforms) = postSolution
		{5B921E84-1B1C-44B5-A1F0-3569BB579A10}.Debug|Any CPU.ActiveCfg = Debug|Any CPU
		{5B921E84-1B1C-44B5-A1F0-3569BB579A10}.Debug|Any CPU.Build.0 = Debug|Any CPU
		{5B921E84-1B1C-44B5-A1F0-3569BB579A10}.Release|Any CPU.ActiveCfg = Release|Any CPU
		{5B921E84-1B1C-44B5-A1F0-3569BB579A10}.Release|Any CPU.Build.0 = Release|Any CPU
	EndGlobalSection
	GlobalSection(SolutionProperties) = preSolution
		HideSolutionNode = FALSE
	EndGlobalSection
	GlobalSection(ExtensibilityGlobals) = postSolution
		SolutionGuid = {53E4BE46-B50E-4B5D-9C54-4D9025D6BEAF}
	EndGlobalSection
EndGlobal
