
Microsoft Visual Studio Solution File, Format Version 12.00
# Visual Studio Version 17
VisualStudioVersion = 17.0.31717.71
MinimumVisualStudioVersion = 10.0.40219.1
Project("{FAE04EC0-301F-11D3-BF4B-00C04F79EFBC}") = "Chp03", "Chp03\Chp03.csproj", "{58F65DED-37B3-48CF-870C-04A9DBB6DAC5}"
EndProject
Project("{FAE04EC0-301F-11D3-BF4B-00C04F79EFBC}") = "example035", "example035\example035.csproj", "{52E16C66-E675-45D8-999D-CFFA0991B898}"
EndProject
Global
	GlobalSection(SolutionConfigurationPlatforms) = preSolution
		Debug|Any CPU = Debug|Any CPU
		Release|Any CPU = Release|Any CPU
	EndGlobalSection
	GlobalSection(ProjectConfigurationPlatforms) = postSolution
		{58F65DED-37B3-48CF-870C-04A9DBB6DAC5}.Debug|Any CPU.ActiveCfg = Debug|Any CPU
		{58F65DED-37B3-48CF-870C-04A9DBB6DAC5}.Debug|Any CPU.Build.0 = Debug|Any CPU
		{58F65DED-37B3-48CF-870C-04A9DBB6DAC5}.Release|Any CPU.ActiveCfg = Release|Any CPU
		{58F65DED-37B3-48CF-870C-04A9DBB6DAC5}.Release|Any CPU.Build.0 = Release|Any CPU
		{52E16C66-E675-45D8-999D-CFFA0991B898}.Debug|Any CPU.ActiveCfg = Debug|Any CPU
		{52E16C66-E675-45D8-999D-CFFA0991B898}.Debug|Any CPU.Build.0 = Debug|Any CPU
		{52E16C66-E675-45D8-999D-CFFA0991B898}.Release|Any CPU.ActiveCfg = Release|Any CPU
		{52E16C66-E675-45D8-999D-CFFA0991B898}.Release|Any CPU.Build.0 = Release|Any CPU
	EndGlobalSection
	GlobalSection(SolutionProperties) = preSolution
		HideSolutionNode = FALSE
	EndGlobalSection
	GlobalSection(ExtensibilityGlobals) = postSolution
		SolutionGuid = {840C5220-B482-460B-9C4D-5C77D86D72E6}
	EndGlobalSection
EndGlobal
