
Microsoft Visual Studio Solution File, Format Version 12.00
# Visual Studio Version 17
VisualStudioVersion = 17.1.31911.260
MinimumVisualStudioVersion = 10.0.40219.1
Project("{FAE04EC0-301F-11D3-BF4B-00C04F79EFBC}") = "WpfBasics", "WpfBasics.csproj", "{63EEF37C-82E4-4456-91A0-8A07FD3C3FD5}"
EndProject
Global
	GlobalSection(SolutionConfigurationPlatforms) = preSolution
		Debug|Any CPU = Debug|Any CPU
		Release|Any CPU = Release|Any CPU
	EndGlobalSection
	GlobalSection(ProjectConfigurationPlatforms) = postSolution
		{63EEF37C-82E4-4456-91A0-8A07FD3C3FD5}.Debug|Any CPU.ActiveCfg = Debug|Any CPU
		{63EEF37C-82E4-4456-91A0-8A07FD3C3FD5}.Debug|Any CPU.Build.0 = Debug|Any CPU
		{63EEF37C-82E4-4456-91A0-8A07FD3C3FD5}.Release|Any CPU.ActiveCfg = Release|Any CPU
		{63EEF37C-82E4-4456-91A0-8A07FD3C3FD5}.Release|Any CPU.Build.0 = Release|Any CPU
	EndGlobalSection
	GlobalSection(SolutionProperties) = preSolution
		HideSolutionNode = FALSE
	EndGlobalSection
	GlobalSection(ExtensibilityGlobals) = postSolution
		SolutionGuid = {3DAB2292-38F9-43C1-B27B-6B1E77A75215}
	EndGlobalSection
EndGlobal
