
Microsoft Visual Studio Solution File, Format Version 12.00
# Visual Studio Version 16
VisualStudioVersion = 16.0.31205.134
MinimumVisualStudioVersion = 10.0.40219.1
Project("{9A19103F-16F7-4668-BE54-9A1E7A4F7556}") = "MyFirstWPFApplication", "MyFirstWPFApplication.csproj", "{CD04F306-37BD-46A2-97A6-D7503D21925A}"
EndProject
Project("{FAE04EC0-301F-11D3-BF4B-00C04F79EFBC}") = "3_2_3", "3_2_3\3_2_3.csproj", "{D52DA36B-0B68-4625-AF1A-76E83C265E90}"
EndProject
Project("{FAE04EC0-301F-11D3-BF4B-00C04F79EFBC}") = "RectangleWithLinearGradientBrush", "RectangleWithLinearGradientBrush\RectangleWithLinearGradientBrush.csproj", "{8C5A62E1-6114-405C-B2EC-A2B74EF8EC02}"
EndProject
Project("{FAE04EC0-301F-11D3-BF4B-00C04F79EFBC}") = "RadialGradientBrushPractice", "RadialGradientBrushPractice\RadialGradientBrushPractice.csproj", "{6F5E6CC7-299F-4636-9D2E-ECF5D9CBE272}"
EndProject
Project("{FAE04EC0-301F-11D3-BF4B-00C04F79EFBC}") = "NameAttributePractice", "NameAttributePractice\NameAttributePractice.csproj", "{AEC006AF-9162-48AA-929D-1E940BC70FB2}"
EndProject
Project("{FAE04EC0-301F-11D3-BF4B-00C04F79EFBC}") = "UsingKeyAttribute", "UsingKeyAttribute\UsingKeyAttribute.csproj", "{4B926475-DD10-415C-8831-B90CEF8AF261}"
EndProject
Global
	GlobalSection(SolutionConfigurationPlatforms) = preSolution
		Debug|Any CPU = Debug|Any CPU
		Release|Any CPU = Release|Any CPU
	EndGlobalSection
	GlobalSection(ProjectConfigurationPlatforms) = postSolution
		{CD04F306-37BD-46A2-97A6-D7503D21925A}.Debug|Any CPU.ActiveCfg = Debug|Any CPU
		{CD04F306-37BD-46A2-97A6-D7503D21925A}.Debug|Any CPU.Build.0 = Debug|Any CPU
		{CD04F306-37BD-46A2-97A6-D7503D21925A}.Release|Any CPU.ActiveCfg = Release|Any CPU
		{CD04F306-37BD-46A2-97A6-D7503D21925A}.Release|Any CPU.Build.0 = Release|Any CPU
		{D52DA36B-0B68-4625-AF1A-76E83C265E90}.Debug|Any CPU.ActiveCfg = Debug|Any CPU
		{D52DA36B-0B68-4625-AF1A-76E83C265E90}.Debug|Any CPU.Build.0 = Debug|Any CPU
		{D52DA36B-0B68-4625-AF1A-76E83C265E90}.Release|Any CPU.ActiveCfg = Release|Any CPU
		{D52DA36B-0B68-4625-AF1A-76E83C265E90}.Release|Any CPU.Build.0 = Release|Any CPU
		{8C5A62E1-6114-405C-B2EC-A2B74EF8EC02}.Debug|Any CPU.ActiveCfg = Debug|Any CPU
		{8C5A62E1-6114-405C-B2EC-A2B74EF8EC02}.Debug|Any CPU.Build.0 = Debug|Any CPU
		{8C5A62E1-6114-405C-B2EC-A2B74EF8EC02}.Release|Any CPU.ActiveCfg = Release|Any CPU
		{8C5A62E1-6114-405C-B2EC-A2B74EF8EC02}.Release|Any CPU.Build.0 = Release|Any CPU
		{6F5E6CC7-299F-4636-9D2E-ECF5D9CBE272}.Debug|Any CPU.ActiveCfg = Debug|Any CPU
		{6F5E6CC7-299F-4636-9D2E-ECF5D9CBE272}.Debug|Any CPU.Build.0 = Debug|Any CPU
		{6F5E6CC7-299F-4636-9D2E-ECF5D9CBE272}.Release|Any CPU.ActiveCfg = Release|Any CPU
		{6F5E6CC7-299F-4636-9D2E-ECF5D9CBE272}.Release|Any CPU.Build.0 = Release|Any CPU
		{AEC006AF-9162-48AA-929D-1E940BC70FB2}.Debug|Any CPU.ActiveCfg = Debug|Any CPU
		{AEC006AF-9162-48AA-929D-1E940BC70FB2}.Debug|Any CPU.Build.0 = Debug|Any CPU
		{AEC006AF-9162-48AA-929D-1E940BC70FB2}.Release|Any CPU.ActiveCfg = Release|Any CPU
		{AEC006AF-9162-48AA-929D-1E940BC70FB2}.Release|Any CPU.Build.0 = Release|Any CPU
		{4B926475-DD10-415C-8831-B90CEF8AF261}.Debug|Any CPU.ActiveCfg = Debug|Any CPU
		{4B926475-DD10-415C-8831-B90CEF8AF261}.Debug|Any CPU.Build.0 = Debug|Any CPU
		{4B926475-DD10-415C-8831-B90CEF8AF261}.Release|Any CPU.ActiveCfg = Release|Any CPU
		{4B926475-DD10-415C-8831-B90CEF8AF261}.Release|Any CPU.Build.0 = Release|Any CPU
	EndGlobalSection
	GlobalSection(SolutionProperties) = preSolution
		HideSolutionNode = FALSE
	EndGlobalSection
	GlobalSection(ExtensibilityGlobals) = postSolution
		SolutionGuid = {6C6A7D48-61CF-43E7-839B-A1BDD031F97E}
	EndGlobalSection
EndGlobal
